
Microsoft Visual Studio Solution File, Format Version 12.00
# Visual Studio Version 16
VisualStudioVersion = 16.0.29102.190
MinimumVisualStudioVersion = 10.0.40219.1
Project("{FAE04EC0-301F-11D3-BF4B-00C04F79EFBC}") = "BGMPlayer", "BGMPlayer\BGMPlayer.csproj", "{6713322B-4566-4D5B-8408-ADA89BC240BE}"
EndProject
Project("{FAE04EC0-301F-11D3-BF4B-00C04F79EFBC}") = "BGMPlayerCore", "BGMPlayerCore\BGMPlayerCore.csproj", "{CDEE564F-E72D-4C27-8190-6F8C63EAEB4E}"
EndProject
Project("{FAE04EC0-301F-11D3-BF4B-00C04F79EFBC}") = "BGMList", "BGMList\BGMList.csproj", "{82659A73-D138-4D71-8B06-70F659D1E520}"
EndProject
Project("{FAE04EC0-301F-11D3-BF4B-00C04F79EFBC}") = "BGMPlayerService", "BGMPlayerService\BGMPlayerService.csproj", "{10DBDA67-12B8-4AA4-B871-4AFB8F4575CB}"
EndProject
Project("{FAE04EC0-301F-11D3-BF4B-00C04F79EFBC}") = "PlayerOperator", "PlayerOperator\PlayerOperator.csproj", "{486E25CD-6A76-44BA-8A9B-A4D44CA2BED6}"
EndProject
Global
	GlobalSection(SolutionConfigurationPlatforms) = preSolution
		Debug|Any CPU = Debug|Any CPU
		Debug|x64 = Debug|x64
		Debug|x86 = Debug|x86
		Release|Any CPU = Release|Any CPU
		Release|x64 = Release|x64
		Release|x86 = Release|x86
	EndGlobalSection
	GlobalSection(ProjectConfigurationPlatforms) = postSolution
		{6713322B-4566-4D5B-8408-ADA89BC240BE}.Debug|Any CPU.ActiveCfg = Debug|Any CPU
		{6713322B-4566-4D5B-8408-ADA89BC240BE}.Debug|Any CPU.Build.0 = Debug|Any CPU
		{6713322B-4566-4D5B-8408-ADA89BC240BE}.Debug|x64.ActiveCfg = Debug|Any CPU
		{6713322B-4566-4D5B-8408-ADA89BC240BE}.Debug|x64.Build.0 = Debug|Any CPU
		{6713322B-4566-4D5B-8408-ADA89BC240BE}.Debug|x86.ActiveCfg = Debug|Any CPU
		{6713322B-4566-4D5B-8408-ADA89BC240BE}.Debug|x86.Build.0 = Debug|Any CPU
		{6713322B-4566-4D5B-8408-ADA89BC240BE}.Release|Any CPU.ActiveCfg = Release|Any CPU
		{6713322B-4566-4D5B-8408-ADA89BC240BE}.Release|Any CPU.Build.0 = Release|Any CPU
		{6713322B-4566-4D5B-8408-ADA89BC240BE}.Release|x64.ActiveCfg = Release|Any CPU
		{6713322B-4566-4D5B-8408-ADA89BC240BE}.Release|x64.Build.0 = Release|Any CPU
		{6713322B-4566-4D5B-8408-ADA89BC240BE}.Release|x86.ActiveCfg = Release|Any CPU
		{6713322B-4566-4D5B-8408-ADA89BC240BE}.Release|x86.Build.0 = Release|Any CPU
		{CDEE564F-E72D-4C27-8190-6F8C63EAEB4E}.Debug|Any CPU.ActiveCfg = Debug|Any CPU
		{CDEE564F-E72D-4C27-8190-6F8C63EAEB4E}.Debug|Any CPU.Build.0 = Debug|Any CPU
		{CDEE564F-E72D-4C27-8190-6F8C63EAEB4E}.Debug|x64.ActiveCfg = Debug|Any CPU
		{CDEE564F-E72D-4C27-8190-6F8C63EAEB4E}.Debug|x64.Build.0 = Debug|Any CPU
		{CDEE564F-E72D-4C27-8190-6F8C63EAEB4E}.Debug|x86.ActiveCfg = Debug|Any CPU
		{CDEE564F-E72D-4C27-8190-6F8C63EAEB4E}.Debug|x86.Build.0 = Debug|Any CPU
		{CDEE564F-E72D-4C27-8190-6F8C63EAEB4E}.Release|Any CPU.ActiveCfg = Release|Any CPU
		{CDEE564F-E72D-4C27-8190-6F8C63EAEB4E}.Release|Any CPU.Build.0 = Release|Any CPU
		{CDEE564F-E72D-4C27-8190-6F8C63EAEB4E}.Release|x64.ActiveCfg = Release|Any CPU
		{CDEE564F-E72D-4C27-8190-6F8C63EAEB4E}.Release|x64.Build.0 = Release|Any CPU
		{CDEE564F-E72D-4C27-8190-6F8C63EAEB4E}.Release|x86.ActiveCfg = Release|Any CPU
		{CDEE564F-E72D-4C27-8190-6F8C63EAEB4E}.Release|x86.Build.0 = Release|Any CPU
		{82659A73-D138-4D71-8B06-70F659D1E520}.Debug|Any CPU.ActiveCfg = Debug|Any CPU
		{82659A73-D138-4D71-8B06-70F659D1E520}.Debug|Any CPU.Build.0 = Debug|Any CPU
		{82659A73-D138-4D71-8B06-70F659D1E520}.Debug|x64.ActiveCfg = Debug|Any CPU
		{82659A73-D138-4D71-8B06-70F659D1E520}.Debug|x64.Build.0 = Debug|Any CPU
		{82659A73-D138-4D71-8B06-70F659D1E520}.Debug|x86.ActiveCfg = Debug|Any CPU
		{82659A73-D138-4D71-8B06-70F659D1E520}.Debug|x86.Build.0 = Debug|Any CPU
		{82659A73-D138-4D71-8B06-70F659D1E520}.Release|Any CPU.ActiveCfg = Release|Any CPU
		{82659A73-D138-4D71-8B06-70F659D1E520}.Release|Any CPU.Build.0 = Release|Any CPU
		{82659A73-D138-4D71-8B06-70F659D1E520}.Release|x64.ActiveCfg = Release|Any CPU
		{82659A73-D138-4D71-8B06-70F659D1E520}.Release|x64.Build.0 = Release|Any CPU
		{82659A73-D138-4D71-8B06-70F659D1E520}.Release|x86.ActiveCfg = Release|Any CPU
		{82659A73-D138-4D71-8B06-70F659D1E520}.Release|x86.Build.0 = Release|Any CPU
		{10DBDA67-12B8-4AA4-B871-4AFB8F4575CB}.Debug|Any CPU.ActiveCfg = Debug|Any CPU
		{10DBDA67-12B8-4AA4-B871-4AFB8F4575CB}.Debug|Any CPU.Build.0 = Debug|Any CPU
		{10DBDA67-12B8-4AA4-B871-4AFB8F4575CB}.Debug|x64.ActiveCfg = Debug|Any CPU
		{10DBDA67-12B8-4AA4-B871-4AFB8F4575CB}.Debug|x64.Build.0 = Debug|Any CPU
		{10DBDA67-12B8-4AA4-B871-4AFB8F4575CB}.Debug|x86.ActiveCfg = Debug|Any CPU
		{10DBDA67-12B8-4AA4-B871-4AFB8F4575CB}.Debug|x86.Build.0 = Debug|Any CPU
		{10DBDA67-12B8-4AA4-B871-4AFB8F4575CB}.Release|Any CPU.ActiveCfg = Release|Any CPU
		{10DBDA67-12B8-4AA4-B871-4AFB8F4575CB}.Release|Any CPU.Build.0 = Release|Any CPU
		{10DBDA67-12B8-4AA4-B871-4AFB8F4575CB}.Release|x64.ActiveCfg = Release|Any CPU
		{10DBDA67-12B8-4AA4-B871-4AFB8F4575CB}.Release|x64.Build.0 = Release|Any CPU
		{10DBDA67-12B8-4AA4-B871-4AFB8F4575CB}.Release|x86.ActiveCfg = Release|Any CPU
		{10DBDA67-12B8-4AA4-B871-4AFB8F4575CB}.Release|x86.Build.0 = Release|Any CPU
		{486E25CD-6A76-44BA-8A9B-A4D44CA2BED6}.Debug|Any CPU.ActiveCfg = Debug|Any CPU
		{486E25CD-6A76-44BA-8A9B-A4D44CA2BED6}.Debug|Any CPU.Build.0 = Debug|Any CPU
		{486E25CD-6A76-44BA-8A9B-A4D44CA2BED6}.Debug|x64.ActiveCfg = Debug|Any CPU
		{486E25CD-6A76-44BA-8A9B-A4D44CA2BED6}.Debug|x64.Build.0 = Debug|Any CPU
		{486E25CD-6A76-44BA-8A9B-A4D44CA2BED6}.Debug|x86.ActiveCfg = Debug|Any CPU
		{486E25CD-6A76-44BA-8A9B-A4D44CA2BED6}.Debug|x86.Build.0 = Debug|Any CPU
		{486E25CD-6A76-44BA-8A9B-A4D44CA2BED6}.Release|Any CPU.ActiveCfg = Release|Any CPU
		{486E25CD-6A76-44BA-8A9B-A4D44CA2BED6}.Release|Any CPU.Build.0 = Release|Any CPU
		{486E25CD-6A76-44BA-8A9B-A4D44CA2BED6}.Release|x64.ActiveCfg = Release|Any CPU
		{486E25CD-6A76-44BA-8A9B-A4D44CA2BED6}.Release|x64.Build.0 = Release|Any CPU
		{486E25CD-6A76-44BA-8A9B-A4D44CA2BED6}.Release|x86.ActiveCfg = Release|Any CPU
		{486E25CD-6A76-44BA-8A9B-A4D44CA2BED6}.Release|x86.Build.0 = Release|Any CPU
	EndGlobalSection
	GlobalSection(SolutionProperties) = preSolution
		HideSolutionNode = FALSE
	EndGlobalSection
	GlobalSection(ExtensibilityGlobals) = postSolution
		SolutionGuid = {8DFE824E-65E0-4FF1-8D81-2B9DE7556FA5}
	EndGlobalSection
EndGlobal
