
Microsoft Visual Studio Solution File, Format Version 12.00
# Visual Studio Version 16
VisualStudioVersion = 16.0.29102.190
MinimumVisualStudioVersion = 10.0.40219.1
Project("{9A19103F-16F7-4668-BE54-9A1E7A4F7556}") = "BGMPlayer", "BGMPlayer\BGMPlayer.csproj", "{6713322B-4566-4D5B-8408-ADA89BC240BE}"
EndProject
Project("{9A19103F-16F7-4668-BE54-9A1E7A4F7556}") = "BGMList", "BGMList\BGMList.csproj", "{4B311718-46AB-47FB-B636-3AA590EEFFCB}"
EndProject
Project("{9A19103F-16F7-4668-BE54-9A1E7A4F7556}") = "BGMPlayerCore", "BGMPlayerCore\BGMPlayerCore.csproj", "{F9BE49DB-FC99-478C-917E-E1D995BB8123}"
EndProject
Project("{9A19103F-16F7-4668-BE54-9A1E7A4F7556}") = "BGMPlayerService", "BGMPlayerService\BGMPlayerService.csproj", "{C13A5793-E414-4152-96E2-C4232875AB8D}"
EndProject
Project("{9A19103F-16F7-4668-BE54-9A1E7A4F7556}") = "PlayerOperator", "PlayerOperator\PlayerOperator.csproj", "{107F2D83-4A06-4239-91BA-979916AF89DA}"
EndProject
Project("{2150E333-8FDC-42A3-9474-1A3956D46DE8}") = "Solution Items", "Solution Items", "{D2E97135-334E-4D4B-9DF5-EB82EB1717BD}"
	ProjectSection(SolutionItems) = preProject
		.editorconfig = .editorconfig
		.gitattributes = .gitattributes
		.gitignore = .gitignore
		azure-pipelines.yml = azure-pipelines.yml
		LICENCE = LICENCE
		README.md = README.md
		README.txt = README.txt
		使用したライブラリ.txt = 使用したライブラリ.txt
	EndProjectSection
EndProject
Global
	GlobalSection(SolutionConfigurationPlatforms) = preSolution
		Debug|Any CPU = Debug|Any CPU
		Debug|x64 = Debug|x64
		Debug|x86 = Debug|x86
		Release|Any CPU = Release|Any CPU
		Release|x64 = Release|x64
		Release|x86 = Release|x86
	EndGlobalSection
	GlobalSection(ProjectConfigurationPlatforms) = postSolution
		{6713322B-4566-4D5B-8408-ADA89BC240BE}.Debug|Any CPU.ActiveCfg = Debug|Any CPU
		{6713322B-4566-4D5B-8408-ADA89BC240BE}.Debug|Any CPU.Build.0 = Debug|Any CPU
		{6713322B-4566-4D5B-8408-ADA89BC240BE}.Debug|x64.ActiveCfg = Debug|Any CPU
		{6713322B-4566-4D5B-8408-ADA89BC240BE}.Debug|x64.Build.0 = Debug|Any CPU
		{6713322B-4566-4D5B-8408-ADA89BC240BE}.Debug|x86.ActiveCfg = Debug|Any CPU
		{6713322B-4566-4D5B-8408-ADA89BC240BE}.Debug|x86.Build.0 = Debug|Any CPU
		{6713322B-4566-4D5B-8408-ADA89BC240BE}.Release|Any CPU.ActiveCfg = Release|Any CPU
		{6713322B-4566-4D5B-8408-ADA89BC240BE}.Release|Any CPU.Build.0 = Release|Any CPU
		{6713322B-4566-4D5B-8408-ADA89BC240BE}.Release|x64.ActiveCfg = Release|Any CPU
		{6713322B-4566-4D5B-8408-ADA89BC240BE}.Release|x64.Build.0 = Release|Any CPU
		{6713322B-4566-4D5B-8408-ADA89BC240BE}.Release|x86.ActiveCfg = Release|Any CPU
		{6713322B-4566-4D5B-8408-ADA89BC240BE}.Release|x86.Build.0 = Release|Any CPU
		{4B311718-46AB-47FB-B636-3AA590EEFFCB}.Debug|Any CPU.ActiveCfg = Debug|Any CPU
		{4B311718-46AB-47FB-B636-3AA590EEFFCB}.Debug|Any CPU.Build.0 = Debug|Any CPU
		{4B311718-46AB-47FB-B636-3AA590EEFFCB}.Debug|x64.ActiveCfg = Debug|Any CPU
		{4B311718-46AB-47FB-B636-3AA590EEFFCB}.Debug|x64.Build.0 = Debug|Any CPU
		{4B311718-46AB-47FB-B636-3AA590EEFFCB}.Debug|x86.ActiveCfg = Debug|Any CPU
		{4B311718-46AB-47FB-B636-3AA590EEFFCB}.Debug|x86.Build.0 = Debug|Any CPU
		{4B311718-46AB-47FB-B636-3AA590EEFFCB}.Release|Any CPU.ActiveCfg = Release|Any CPU
		{4B311718-46AB-47FB-B636-3AA590EEFFCB}.Release|Any CPU.Build.0 = Release|Any CPU
		{4B311718-46AB-47FB-B636-3AA590EEFFCB}.Release|x64.ActiveCfg = Release|Any CPU
		{4B311718-46AB-47FB-B636-3AA590EEFFCB}.Release|x64.Build.0 = Release|Any CPU
		{4B311718-46AB-47FB-B636-3AA590EEFFCB}.Release|x86.ActiveCfg = Release|Any CPU
		{4B311718-46AB-47FB-B636-3AA590EEFFCB}.Release|x86.Build.0 = Release|Any CPU
		{F9BE49DB-FC99-478C-917E-E1D995BB8123}.Debug|Any CPU.ActiveCfg = Debug|Any CPU
		{F9BE49DB-FC99-478C-917E-E1D995BB8123}.Debug|Any CPU.Build.0 = Debug|Any CPU
		{F9BE49DB-FC99-478C-917E-E1D995BB8123}.Debug|x64.ActiveCfg = Debug|Any CPU
		{F9BE49DB-FC99-478C-917E-E1D995BB8123}.Debug|x64.Build.0 = Debug|Any CPU
		{F9BE49DB-FC99-478C-917E-E1D995BB8123}.Debug|x86.ActiveCfg = Debug|Any CPU
		{F9BE49DB-FC99-478C-917E-E1D995BB8123}.Debug|x86.Build.0 = Debug|Any CPU
		{F9BE49DB-FC99-478C-917E-E1D995BB8123}.Release|Any CPU.ActiveCfg = Release|Any CPU
		{F9BE49DB-FC99-478C-917E-E1D995BB8123}.Release|Any CPU.Build.0 = Release|Any CPU
		{F9BE49DB-FC99-478C-917E-E1D995BB8123}.Release|x64.ActiveCfg = Release|Any CPU
		{F9BE49DB-FC99-478C-917E-E1D995BB8123}.Release|x64.Build.0 = Release|Any CPU
		{F9BE49DB-FC99-478C-917E-E1D995BB8123}.Release|x86.ActiveCfg = Release|Any CPU
		{F9BE49DB-FC99-478C-917E-E1D995BB8123}.Release|x86.Build.0 = Release|Any CPU
		{C13A5793-E414-4152-96E2-C4232875AB8D}.Debug|Any CPU.ActiveCfg = Debug|Any CPU
		{C13A5793-E414-4152-96E2-C4232875AB8D}.Debug|Any CPU.Build.0 = Debug|Any CPU
		{C13A5793-E414-4152-96E2-C4232875AB8D}.Debug|x64.ActiveCfg = Debug|Any CPU
		{C13A5793-E414-4152-96E2-C4232875AB8D}.Debug|x64.Build.0 = Debug|Any CPU
		{C13A5793-E414-4152-96E2-C4232875AB8D}.Debug|x86.ActiveCfg = Debug|Any CPU
		{C13A5793-E414-4152-96E2-C4232875AB8D}.Debug|x86.Build.0 = Debug|Any CPU
		{C13A5793-E414-4152-96E2-C4232875AB8D}.Release|Any CPU.ActiveCfg = Release|Any CPU
		{C13A5793-E414-4152-96E2-C4232875AB8D}.Release|Any CPU.Build.0 = Release|Any CPU
		{C13A5793-E414-4152-96E2-C4232875AB8D}.Release|x64.ActiveCfg = Release|Any CPU
		{C13A5793-E414-4152-96E2-C4232875AB8D}.Release|x64.Build.0 = Release|Any CPU
		{C13A5793-E414-4152-96E2-C4232875AB8D}.Release|x86.ActiveCfg = Release|Any CPU
		{C13A5793-E414-4152-96E2-C4232875AB8D}.Release|x86.Build.0 = Release|Any CPU
		{107F2D83-4A06-4239-91BA-979916AF89DA}.Debug|Any CPU.ActiveCfg = Debug|Any CPU
		{107F2D83-4A06-4239-91BA-979916AF89DA}.Debug|Any CPU.Build.0 = Debug|Any CPU
		{107F2D83-4A06-4239-91BA-979916AF89DA}.Debug|x64.ActiveCfg = Debug|Any CPU
		{107F2D83-4A06-4239-91BA-979916AF89DA}.Debug|x64.Build.0 = Debug|Any CPU
		{107F2D83-4A06-4239-91BA-979916AF89DA}.Debug|x86.ActiveCfg = Debug|Any CPU
		{107F2D83-4A06-4239-91BA-979916AF89DA}.Debug|x86.Build.0 = Debug|Any CPU
		{107F2D83-4A06-4239-91BA-979916AF89DA}.Release|Any CPU.ActiveCfg = Release|Any CPU
		{107F2D83-4A06-4239-91BA-979916AF89DA}.Release|Any CPU.Build.0 = Release|Any CPU
		{107F2D83-4A06-4239-91BA-979916AF89DA}.Release|x64.ActiveCfg = Release|Any CPU
		{107F2D83-4A06-4239-91BA-979916AF89DA}.Release|x64.Build.0 = Release|Any CPU
		{107F2D83-4A06-4239-91BA-979916AF89DA}.Release|x86.ActiveCfg = Release|Any CPU
		{107F2D83-4A06-4239-91BA-979916AF89DA}.Release|x86.Build.0 = Release|Any CPU
	EndGlobalSection
	GlobalSection(SolutionProperties) = preSolution
		HideSolutionNode = FALSE
	EndGlobalSection
	GlobalSection(ExtensibilityGlobals) = postSolution
		SolutionGuid = {8DFE824E-65E0-4FF1-8D81-2B9DE7556FA5}
	EndGlobalSection
EndGlobal
